{
  "name": "fitness-os",
  "version": "0.1.0",
  "lockfileVersion": 3,
  "requires": true,
  "packages": {
    "": {
      "name": "fitness-os",
      "version": "0.1.0",
      "private": true,
      "dependencies": {
        "react": "^19.0.0",
        "react-dom": "^19.0.0",
        "react-scripts": "5.0.1",
        "lucide-react": "^0.263.1"
      }
    }
  }
}
